
Microsoft Visual Studio Solution File, Format Version 12.00
# Visual Studio Version 17
VisualStudioVersion = 17.8.34316.72
MinimumVisualStudioVersion = 10.0.40219.1
Project("{FAE04EC0-301F-11D3-BF4B-00C04F79EFBC}") = "kendoTest", "kendoTest.csproj", "{6F21970A-75C4-439C-B407-982F4D6B837B}"
EndProject
Global
	GlobalSection(SolutionConfigurationPlatforms) = preSolution
		Debug|Any CPU = Debug|Any CPU
		Release|Any CPU = Release|Any CPU
	EndGlobalSection
	GlobalSection(ProjectConfigurationPlatforms) = postSolution
		{6F21970A-75C4-439C-B407-982F4D6B837B}.Debug|Any CPU.ActiveCfg = Debug|Any CPU
		{6F21970A-75C4-439C-B407-982F4D6B837B}.Debug|Any CPU.Build.0 = Debug|Any CPU
		{6F21970A-75C4-439C-B407-982F4D6B837B}.Release|Any CPU.ActiveCfg = Release|Any CPU
		{6F21970A-75C4-439C-B407-982F4D6B837B}.Release|Any CPU.Build.0 = Release|Any CPU
	EndGlobalSection
	GlobalSection(SolutionProperties) = preSolution
		HideSolutionNode = FALSE
	EndGlobalSection
	GlobalSection(ExtensibilityGlobals) = postSolution
		SolutionGuid = {458D3CDF-A3FF-4863-A644-29A5676852B3}
	EndGlobalSection
EndGlobal
